
Microsoft Visual Studio Solution File, Format Version 12.00
# Visual Studio Version 17
VisualStudioVersion = 17.5.002.0
MinimumVisualStudioVersion = 10.0.40219.1
Project("{FAE04EC0-301F-11D3-BF4B-00C04F79EFBC}") = "App.Tests", "App.Tests\App.Tests.csproj", "{9A11F41C-05BE-4211-A202-4BE2280524D0}"
EndProject
Project("{FAE04EC0-301F-11D3-BF4B-00C04F79EFBC}") = "App", "App\App.csproj", "{F43ABDA4-2E98-4B17-AE87-CB783532583D}"
EndProject
Global
	GlobalSection(SolutionConfigurationPlatforms) = preSolution
		Debug|Any CPU = Debug|Any CPU
		Release|Any CPU = Release|Any CPU
	EndGlobalSection
	GlobalSection(ProjectConfigurationPlatforms) = postSolution
		{A1A4E7DF-94D8-4A86-9090-3DE4A5D0D382}.Debug|Any CPU.ActiveCfg = Debug|Any CPU
		{A1A4E7DF-94D8-4A86-9090-3DE4A5D0D382}.Debug|Any CPU.Build.0 = Debug|Any CPU
		{A1A4E7DF-94D8-4A86-9090-3DE4A5D0D382}.Release|Any CPU.ActiveCfg = Release|Any CPU
		{A1A4E7DF-94D8-4A86-9090-3DE4A5D0D382}.Release|Any CPU.Build.0 = Release|Any CPU
		{9A11F41C-05BE-4211-A202-4BE2280524D0}.Debug|Any CPU.ActiveCfg = Debug|Any CPU
		{9A11F41C-05BE-4211-A202-4BE2280524D0}.Debug|Any CPU.Build.0 = Debug|Any CPU
		{9A11F41C-05BE-4211-A202-4BE2280524D0}.Release|Any CPU.ActiveCfg = Release|Any CPU
		{9A11F41C-05BE-4211-A202-4BE2280524D0}.Release|Any CPU.Build.0 = Release|Any CPU
		{F43ABDA4-2E98-4B17-AE87-CB783532583D}.Debug|Any CPU.ActiveCfg = Debug|Any CPU
		{F43ABDA4-2E98-4B17-AE87-CB783532583D}.Debug|Any CPU.Build.0 = Debug|Any CPU
		{F43ABDA4-2E98-4B17-AE87-CB783532583D}.Release|Any CPU.ActiveCfg = Release|Any CPU
		{F43ABDA4-2E98-4B17-AE87-CB783532583D}.Release|Any CPU.Build.0 = Release|Any CPU
	EndGlobalSection
	GlobalSection(SolutionProperties) = preSolution
		HideSolutionNode = FALSE
	EndGlobalSection
	GlobalSection(ExtensibilityGlobals) = postSolution
		SolutionGuid = {3BAF9B5F-3920-4124-8FD9-89F85B137D38}
	EndGlobalSection
EndGlobal
